{"pid": 1875, "kind": "hermes-gateway", "argv": ["/home/loveback1987/.hermes/hermes-agent/hermes_cli/main.py", "gateway", "run", "--replace"], "start_time": 576440, "scope": "weixin-bot-token", "identity_hash": "206326ab91c51f5f", "metadata": {"platform": "weixin"}, "updated_at": "2026-05-23T09:42:34.261241+00:00"}